
Microsoft Visual Studio Solution File, Format Version 12.00
# Visual Studio Version 16
VisualStudioVersion = 16.0.29926.136
MinimumVisualStudioVersion = 10.0.40219.1
Project("{8BC9CEB8-8B4A-11D0-8D11-00A0C91BC942}") = "zad1", "zad1\zad1.vcxproj", "{217F6BAD-6370-4C2C-B3DB-8A8835067F55}"
EndProject
Project("{8BC9CEB8-8B4A-11D0-8D11-00A0C91BC942}") = "zad2", "zad2\zad2.vcxproj", "{B42F874A-AEE9-454A-B525-2582E77E30F9}"
EndProject
Global
	GlobalSection(SolutionConfigurationPlatforms) = preSolution
		Debug|x64 = Debug|x64
		Debug|x86 = Debug|x86
		Release|x64 = Release|x64
		Release|x86 = Release|x86
	EndGlobalSection
	GlobalSection(ProjectConfigurationPlatforms) = postSolution
		{217F6BAD-6370-4C2C-B3DB-8A8835067F55}.Debug|x64.ActiveCfg = Debug|x64
		{217F6BAD-6370-4C2C-B3DB-8A8835067F55}.Debug|x64.Build.0 = Debug|x64
		{217F6BAD-6370-4C2C-B3DB-8A8835067F55}.Debug|x86.ActiveCfg = Debug|Win32
		{217F6BAD-6370-4C2C-B3DB-8A8835067F55}.Debug|x86.Build.0 = Debug|Win32
		{217F6BAD-6370-4C2C-B3DB-8A8835067F55}.Release|x64.ActiveCfg = Release|x64
		{217F6BAD-6370-4C2C-B3DB-8A8835067F55}.Release|x64.Build.0 = Release|x64
		{217F6BAD-6370-4C2C-B3DB-8A8835067F55}.Release|x86.ActiveCfg = Release|Win32
		{217F6BAD-6370-4C2C-B3DB-8A8835067F55}.Release|x86.Build.0 = Release|Win32
		{B42F874A-AEE9-454A-B525-2582E77E30F9}.Debug|x64.ActiveCfg = Debug|x64
		{B42F874A-AEE9-454A-B525-2582E77E30F9}.Debug|x64.Build.0 = Debug|x64
		{B42F874A-AEE9-454A-B525-2582E77E30F9}.Debug|x86.ActiveCfg = Debug|Win32
		{B42F874A-AEE9-454A-B525-2582E77E30F9}.Debug|x86.Build.0 = Debug|Win32
		{B42F874A-AEE9-454A-B525-2582E77E30F9}.Release|x64.ActiveCfg = Release|x64
		{B42F874A-AEE9-454A-B525-2582E77E30F9}.Release|x64.Build.0 = Release|x64
		{B42F874A-AEE9-454A-B525-2582E77E30F9}.Release|x86.ActiveCfg = Release|Win32
		{B42F874A-AEE9-454A-B525-2582E77E30F9}.Release|x86.Build.0 = Release|Win32
	EndGlobalSection
	GlobalSection(SolutionProperties) = preSolution
		HideSolutionNode = FALSE
	EndGlobalSection
	GlobalSection(ExtensibilityGlobals) = postSolution
		SolutionGuid = {CC098D22-A822-4628-B07E-4FD4D8F0B467}
	EndGlobalSection
EndGlobal
